{
  "originHash" : "1700cf50b74e6eaaa0fd21ca716e01a289674a2f15853c27d2a7b36618db0d4a",
  "pins" : [
    {
      "identity" : "confettiswiftui",
      "kind" : "remoteSourceControl",
      "location" : "https://github.com/simibac/ConfettiSwiftUI",
      "state" : {
        "revision" : "79666d42b882bf7921b1941fa7c636d681d77980",
        "version" : "2.0.3"
      }
    },
    {
      "identity" : "foundation",
      "kind" : "remoteSourceControl",
      "location" : "https://github.com/revosystems/foundation",
      "state" : {
        "revision" : "b4f40362a29cad49f99194e9565ffc3507248306",
        "version" : "0.3.13"
      }
    },
    {
      "identity" : "revohttp",
      "kind" : "remoteSourceControl",
      "location" : "https://github.com/revosystems/revohttp",
      "state" : {
        "revision" : "195b26896fbacddec5413363a6180d34c3fdd41e",
        "version" : "0.3.10"
      }
    }
  ],
  "version" : 3
}
