{
  "originHash" : "f5d349285ad32d0c2f9dae477411b6a9ba43988d34c398ca10f731f750261569",
  "pins" : [
    {
      "identity" : "confettiswiftui",
      "kind" : "remoteSourceControl",
      "location" : "https://github.com/simibac/ConfettiSwiftUI",
      "state" : {
        "revision" : "79666d42b882bf7921b1941fa7c636d681d77980",
        "version" : "2.0.3"
      }
    },
    {
      "identity" : "foundation",
      "kind" : "remoteSourceControl",
      "location" : "https://github.com/revosystems/foundation",
      "state" : {
        "revision" : "b4f40362a29cad49f99194e9565ffc3507248306",
        "version" : "0.3.13"
      }
    },
    {
      "identity" : "revohttp",
      "kind" : "remoteSourceControl",
      "location" : "https://github.com/revosystems/revohttp",
      "state" : {
        "revision" : "1a56ad42b9c50ffd49c8b8de0434fe351889831c",
        "version" : "0.3.9"
      }
    }
  ],
  "version" : 3
}
